// !$*UTF8*$!
{
	archiveVersion = 1;
	classes = {
	};
	objectVersion = 46;
	objects = {

/* Begin PBXBuildFile section */
		E978EB611C4EF1EF00509462 /* Color.cpp in Sources */ = {isa = PBXBuildFile; fileRef = E978EB5F1C4EF1EF00509462 /* Color.cpp */; };
		E978EB621C4EF1EF00509462 /* Color.hpp in Headers */ = {isa = PBXBuildFile; fileRef = E978EB601C4EF1EF00509462 /* Color.hpp */; };
		E99D0D6A1C499F3F00278852 /* Geom.hpp in Headers */ = {isa = PBXBuildFile; fileRef = E99D0D681C499F3F00278852 /* Geom.hpp */; };
		E99D0D6C1C4ABAE700278852 /* Parse.cpp in Sources */ = {isa = PBXBuildFile; fileRef = E99D0D6B1C4ABAE700278852 /* Parse.cpp */; };
		E99D0D701C4D582C00278852 /* Model.cpp in Sources */ = {isa = PBXBuildFile; fileRef = E99D0D6F1C4D582C00278852 /* Model.cpp */; };
		E9DD320A1C46E06C00F2AE54 /* Parse.hpp in Headers */ = {isa = PBXBuildFile; fileRef = E9DD32091C46E06C00F2AE54 /* Parse.hpp */; };
		E9DD32161C46E0A600F2AE54 /* Lex.cpp in Sources */ = {isa = PBXBuildFile; fileRef = E9DD32141C46E0A600F2AE54 /* Lex.cpp */; };
		E9DD32171C46E0A600F2AE54 /* Lex.hpp in Headers */ = {isa = PBXBuildFile; fileRef = E9DD32151C46E0A600F2AE54 /* Lex.hpp */; };
		E9DD321F1C4713EF00F2AE54 /* main.cpp in Sources */ = {isa = PBXBuildFile; fileRef = E9DD321E1C4713EF00F2AE54 /* main.cpp */; };
		E9DD32251C47140E00F2AE54 /* libLDParse.a in Frameworks */ = {isa = PBXBuildFile; fileRef = E9DD32061C46E06C00F2AE54 /* libLDParse.a */; };
/* End PBXBuildFile section */

/* Begin PBXContainerItemProxy section */
		E9DD32231C47140B00F2AE54 /* PBXContainerItemProxy */ = {
			isa = PBXContainerItemProxy;
			containerPortal = E9DD31FE1C46E06C00F2AE54 /* Project object */;
			proxyType = 1;
			remoteGlobalIDString = E9DD32051C46E06C00F2AE54;
			remoteInfo = LDParse;
		};
/* End PBXContainerItemProxy section */

/* Begin PBXCopyFilesBuildPhase section */
		E9DD321A1C4713EF00F2AE54 /* CopyFiles */ = {
			isa = PBXCopyFilesBuildPhase;
			buildActionMask = 2147483647;
			dstPath = /usr/share/man/man1/;
			dstSubfolderSpec = 0;
			files = (
			);
			runOnlyForDeploymentPostprocessing = 1;
		};
/* End PBXCopyFilesBuildPhase section */

/* Begin PBXFileReference section */
		E978EB5F1C4EF1EF00509462 /* Color.cpp */ = {isa = PBXFileReference; fileEncoding = 4; lastKnownFileType = sourcecode.cpp.cpp; path = Color.cpp; sourceTree = "<group>"; };
		E978EB601C4EF1EF00509462 /* Color.hpp */ = {isa = PBXFileReference; fileEncoding = 4; lastKnownFileType = sourcecode.cpp.h; path = Color.hpp; sourceTree = "<group>"; };
		E98347ED1C5013E700A77A1D /* ModelBuilder.hpp */ = {isa = PBXFileReference; lastKnownFileType = sourcecode.cpp.h; path = ModelBuilder.hpp; sourceTree = "<group>"; };
		E98347EE1C50156F00A77A1D /* ModelBuilderDefs.hpp */ = {isa = PBXFileReference; lastKnownFileType = sourcecode.cpp.h; name = ModelBuilderDefs.hpp; path = ModelBuilder/ModelBuilderDefs.hpp; sourceTree = "<group>"; };
		E98347F01C50159D00A77A1D /* ModelBuilderImpl.hpp */ = {isa = PBXFileReference; lastKnownFileType = sourcecode.cpp.h; name = ModelBuilderImpl.hpp; path = ModelBuilder/ModelBuilderImpl.hpp; sourceTree = "<group>"; };
		E99D0D681C499F3F00278852 /* Geom.hpp */ = {isa = PBXFileReference; fileEncoding = 4; lastKnownFileType = sourcecode.cpp.h; path = Geom.hpp; sourceTree = "<group>"; };
		E99D0D6B1C4ABAE700278852 /* Parse.cpp */ = {isa = PBXFileReference; fileEncoding = 4; lastKnownFileType = sourcecode.cpp.cpp; path = Parse.cpp; sourceTree = "<group>"; };
		E99D0D6D1C4C71B100278852 /* ReadFs.hpp */ = {isa = PBXFileReference; lastKnownFileType = sourcecode.cpp.h; path = ReadFs.hpp; sourceTree = "<group>"; };
		E99D0D6E1C4C723100278852 /* Expect.hpp */ = {isa = PBXFileReference; lastKnownFileType = sourcecode.cpp.h; path = Expect.hpp; sourceTree = "<group>"; };
		E99D0D6F1C4D582C00278852 /* Model.cpp */ = {isa = PBXFileReference; fileEncoding = 4; lastKnownFileType = sourcecode.cpp.cpp; path = Model.cpp; sourceTree = "<group>"; };
		E99D0D711C4D587500278852 /* Model.hpp */ = {isa = PBXFileReference; lastKnownFileType = sourcecode.cpp.h; path = Model.hpp; sourceTree = "<group>"; };
		E99D0D821C4D68DF00278852 /* Cache.hpp */ = {isa = PBXFileReference; lastKnownFileType = sourcecode.cpp.h; path = Cache.hpp; sourceTree = "<group>"; };
		E9DD32061C46E06C00F2AE54 /* libLDParse.a */ = {isa = PBXFileReference; explicitFileType = archive.ar; includeInIndex = 0; path = libLDParse.a; sourceTree = BUILT_PRODUCTS_DIR; };
		E9DD32091C46E06C00F2AE54 /* Parse.hpp */ = {isa = PBXFileReference; lastKnownFileType = sourcecode.cpp.h; path = Parse.hpp; sourceTree = "<group>"; };
		E9DD32141C46E0A600F2AE54 /* Lex.cpp */ = {isa = PBXFileReference; fileEncoding = 4; lastKnownFileType = sourcecode.cpp.cpp; path = Lex.cpp; sourceTree = "<group>"; };
		E9DD32151C46E0A600F2AE54 /* Lex.hpp */ = {isa = PBXFileReference; fileEncoding = 4; lastKnownFileType = sourcecode.cpp.h; path = Lex.hpp; sourceTree = "<group>"; };
		E9DD321C1C4713EF00F2AE54 /* ParseTest */ = {isa = PBXFileReference; explicitFileType = "compiled.mach-o.executable"; includeInIndex = 0; path = ParseTest; sourceTree = BUILT_PRODUCTS_DIR; };
		E9DD321E1C4713EF00F2AE54 /* main.cpp */ = {isa = PBXFileReference; lastKnownFileType = sourcecode.cpp.cpp; path = main.cpp; sourceTree = "<group>"; };
/* End PBXFileReference section */

/* Begin PBXFrameworksBuildPhase section */
		E9DD32031C46E06C00F2AE54 /* Frameworks */ = {
			isa = PBXFrameworksBuildPhase;
			buildActionMask = 2147483647;
			files = (
			);
			runOnlyForDeploymentPostprocessing = 0;
		};
		E9DD32191C4713EF00F2AE54 /* Frameworks */ = {
			isa = PBXFrameworksBuildPhase;
			buildActionMask = 2147483647;
			files = (
				E9DD32251C47140E00F2AE54 /* libLDParse.a in Frameworks */,
			);
			runOnlyForDeploymentPostprocessing = 0;
		};
/* End PBXFrameworksBuildPhase section */

/* Begin PBXGroup section */
		E98347EF1C50157900A77A1D /* ModelBuilder */ = {
			isa = PBXGroup;
			children = (
				E98347EE1C50156F00A77A1D /* ModelBuilderDefs.hpp */,
				E98347F01C50159D00A77A1D /* ModelBuilderImpl.hpp */,
			);
			name = ModelBuilder;
			sourceTree = "<group>";
		};
		E9DD31FD1C46E06C00F2AE54 = {
			isa = PBXGroup;
			children = (
				E9DD32081C46E06C00F2AE54 /* LDParse */,
				E9DD321D1C4713EF00F2AE54 /* ParseTest */,
				E9DD32071C46E06C00F2AE54 /* Products */,
			);
			sourceTree = "<group>";
		};
		E9DD32071C46E06C00F2AE54 /* Products */ = {
			isa = PBXGroup;
			children = (
				E9DD32061C46E06C00F2AE54 /* libLDParse.a */,
				E9DD321C1C4713EF00F2AE54 /* ParseTest */,
			);
			name = Products;
			sourceTree = "<group>";
		};
		E9DD32081C46E06C00F2AE54 /* LDParse */ = {
			isa = PBXGroup;
			children = (
				E98347EF1C50157900A77A1D /* ModelBuilder */,
				E99D0D821C4D68DF00278852 /* Cache.hpp */,
				E978EB5F1C4EF1EF00509462 /* Color.cpp */,
				E978EB601C4EF1EF00509462 /* Color.hpp */,
				E99D0D6E1C4C723100278852 /* Expect.hpp */,
				E99D0D6D1C4C71B100278852 /* ReadFs.hpp */,
				E99D0D681C499F3F00278852 /* Geom.hpp */,
				E9DD32141C46E0A600F2AE54 /* Lex.cpp */,
				E9DD32151C46E0A600F2AE54 /* Lex.hpp */,
				E99D0D6F1C4D582C00278852 /* Model.cpp */,
				E99D0D711C4D587500278852 /* Model.hpp */,
				E98347ED1C5013E700A77A1D /* ModelBuilder.hpp */,
				E99D0D6B1C4ABAE700278852 /* Parse.cpp */,
				E9DD32091C46E06C00F2AE54 /* Parse.hpp */,
			);
			path = LDParse;
			sourceTree = "<group>";
		};
		E9DD321D1C4713EF00F2AE54 /* ParseTest */ = {
			isa = PBXGroup;
			children = (
				E9DD321E1C4713EF00F2AE54 /* main.cpp */,
			);
			path = ParseTest;
			sourceTree = "<group>";
		};
/* End PBXGroup section */

/* Begin PBXHeadersBuildPhase section */
		E9DD32041C46E06C00F2AE54 /* Headers */ = {
			isa = PBXHeadersBuildPhase;
			buildActionMask = 2147483647;
			files = (
				E9DD32171C46E0A600F2AE54 /* Lex.hpp in Headers */,
				E99D0D6A1C499F3F00278852 /* Geom.hpp in Headers */,
				E978EB621C4EF1EF00509462 /* Color.hpp in Headers */,
				E9DD320A1C46E06C00F2AE54 /* Parse.hpp in Headers */,
			);
			runOnlyForDeploymentPostprocessing = 0;
		};
/* End PBXHeadersBuildPhase section */

/* Begin PBXNativeTarget section */
		E9DD32051C46E06C00F2AE54 /* LDParse */ = {
			isa = PBXNativeTarget;
			buildConfigurationList = E9DD32111C46E06C00F2AE54 /* Build configuration list for PBXNativeTarget "LDParse" */;
			buildPhases = (
				E9DD32021C46E06C00F2AE54 /* Sources */,
				E9DD32031C46E06C00F2AE54 /* Frameworks */,
				E9DD32041C46E06C00F2AE54 /* Headers */,
			);
			buildRules = (
			);
			dependencies = (
			);
			name = LDParse;
			productName = LDParse;
			productReference = E9DD32061C46E06C00F2AE54 /* libLDParse.a */;
			productType = "com.apple.product-type.library.static";
		};
		E9DD321B1C4713EF00F2AE54 /* ParseTest */ = {
			isa = PBXNativeTarget;
			buildConfigurationList = E9DD32201C4713EF00F2AE54 /* Build configuration list for PBXNativeTarget "ParseTest" */;
			buildPhases = (
				E9DD32181C4713EF00F2AE54 /* Sources */,
				E9DD32191C4713EF00F2AE54 /* Frameworks */,
				E9DD321A1C4713EF00F2AE54 /* CopyFiles */,
			);
			buildRules = (
			);
			dependencies = (
				E9DD32241C47140B00F2AE54 /* PBXTargetDependency */,
			);
			name = ParseTest;
			productName = ParseTest;
			productReference = E9DD321C1C4713EF00F2AE54 /* ParseTest */;
			productType = "com.apple.product-type.tool";
		};
/* End PBXNativeTarget section */

/* Begin PBXProject section */
		E9DD31FE1C46E06C00F2AE54 /* Project object */ = {
			isa = PBXProject;
			attributes = {
				LastUpgradeCheck = 0720;
				ORGANIZATIONNAME = "StickFigure Graphic Productions";
				TargetAttributes = {
					E9DD32051C46E06C00F2AE54 = {
						CreatedOnToolsVersion = 7.2;
					};
					E9DD321B1C4713EF00F2AE54 = {
						CreatedOnToolsVersion = 7.2;
					};
				};
			};
			buildConfigurationList = E9DD32011C46E06C00F2AE54 /* Build configuration list for PBXProject "LDParse" */;
			compatibilityVersion = "Xcode 3.2";
			developmentRegion = English;
			hasScannedForEncodings = 0;
			knownRegions = (
				en,
			);
			mainGroup = E9DD31FD1C46E06C00F2AE54;
			productRefGroup = E9DD32071C46E06C00F2AE54 /* Products */;
			projectDirPath = "";
			projectRoot = "";
			targets = (
				E9DD32051C46E06C00F2AE54 /* LDParse */,
				E9DD321B1C4713EF00F2AE54 /* ParseTest */,
			);
		};
/* End PBXProject section */

/* Begin PBXSourcesBuildPhase section */
		E9DD32021C46E06C00F2AE54 /* Sources */ = {
			isa = PBXSourcesBuildPhase;
			buildActionMask = 2147483647;
			files = (
				E99D0D6C1C4ABAE700278852 /* Parse.cpp in Sources */,
				E978EB611C4EF1EF00509462 /* Color.cpp in Sources */,
				E99D0D701C4D582C00278852 /* Model.cpp in Sources */,
				E9DD32161C46E0A600F2AE54 /* Lex.cpp in Sources */,
			);
			runOnlyForDeploymentPostprocessing = 0;
		};
		E9DD32181C4713EF00F2AE54 /* Sources */ = {
			isa = PBXSourcesBuildPhase;
			buildActionMask = 2147483647;
			files = (
				E9DD321F1C4713EF00F2AE54 /* main.cpp in Sources */,
			);
			runOnlyForDeploymentPostprocessing = 0;
		};
/* End PBXSourcesBuildPhase section */

/* Begin PBXTargetDependency section */
		E9DD32241C47140B00F2AE54 /* PBXTargetDependency */ = {
			isa = PBXTargetDependency;
			target = E9DD32051C46E06C00F2AE54 /* LDParse */;
			targetProxy = E9DD32231C47140B00F2AE54 /* PBXContainerItemProxy */;
		};
/* End PBXTargetDependency section */

/* Begin XCBuildConfiguration section */
		E9DD320F1C46E06C00F2AE54 /* Debug */ = {
			isa = XCBuildConfiguration;
			buildSettings = {
				ALWAYS_SEARCH_USER_PATHS = NO;
				CLANG_CXX_LANGUAGE_STANDARD = "gnu++0x";
				CLANG_CXX_LIBRARY = "libc++";
				CLANG_ENABLE_MODULES = YES;
				CLANG_ENABLE_OBJC_ARC = YES;
				CLANG_WARN_BOOL_CONVERSION = YES;
				CLANG_WARN_CONSTANT_CONVERSION = YES;
				CLANG_WARN_DIRECT_OBJC_ISA_USAGE = YES_ERROR;
				CLANG_WARN_EMPTY_BODY = YES;
				CLANG_WARN_ENUM_CONVERSION = YES;
				CLANG_WARN_INT_CONVERSION = YES;
				CLANG_WARN_OBJC_ROOT_CLASS = YES_ERROR;
				CLANG_WARN_UNREACHABLE_CODE = YES;
				CLANG_WARN__DUPLICATE_METHOD_MATCH = YES;
				CODE_SIGN_IDENTITY = "-";
				COPY_PHASE_STRIP = NO;
				DEBUG_INFORMATION_FORMAT = dwarf;
				ENABLE_STRICT_OBJC_MSGSEND = YES;
				ENABLE_TESTABILITY = YES;
				GCC_C_LANGUAGE_STANDARD = gnu99;
				GCC_DYNAMIC_NO_PIC = NO;
				GCC_NO_COMMON_BLOCKS = YES;
				GCC_OPTIMIZATION_LEVEL = 0;
				GCC_PREPROCESSOR_DEFINITIONS = (
					"DEBUG=1",
					"$(inherited)",
				);
				GCC_WARN_64_TO_32_BIT_CONVERSION = YES;
				GCC_WARN_ABOUT_RETURN_TYPE = YES_ERROR;
				GCC_WARN_UNDECLARED_SELECTOR = YES;
				GCC_WARN_UNINITIALIZED_AUTOS = YES_AGGRESSIVE;
				GCC_WARN_UNUSED_FUNCTION = YES;
				GCC_WARN_UNUSED_VARIABLE = YES;
				MACOSX_DEPLOYMENT_TARGET = 10.11;
				MTL_ENABLE_DEBUG_INFO = YES;
				ONLY_ACTIVE_ARCH = YES;
				SDKROOT = macosx;
			};
			name = Debug;
		};
		E9DD32101C46E06C00F2AE54 /* Release */ = {
			isa = XCBuildConfiguration;
			buildSettings = {
				ALWAYS_SEARCH_USER_PATHS = NO;
				CLANG_CXX_LANGUAGE_STANDARD = "gnu++0x";
				CLANG_CXX_LIBRARY = "libc++";
				CLANG_ENABLE_MODULES = YES;
				CLANG_ENABLE_OBJC_ARC = YES;
				CLANG_WARN_BOOL_CONVERSION = YES;
				CLANG_WARN_CONSTANT_CONVERSION = YES;
				CLANG_WARN_DIRECT_OBJC_ISA_USAGE = YES_ERROR;
				CLANG_WARN_EMPTY_BODY = YES;
				CLANG_WARN_ENUM_CONVERSION = YES;
				CLANG_WARN_INT_CONVERSION = YES;
				CLANG_WARN_OBJC_ROOT_CLASS = YES_ERROR;
				CLANG_WARN_UNREACHABLE_CODE = YES;
				CLANG_WARN__DUPLICATE_METHOD_MATCH = YES;
				CODE_SIGN_IDENTITY = "-";
				COPY_PHASE_STRIP = NO;
				DEBUG_INFORMATION_FORMAT = "dwarf-with-dsym";
				ENABLE_NS_ASSERTIONS = NO;
				ENABLE_STRICT_OBJC_MSGSEND = YES;
				GCC_C_LANGUAGE_STANDARD = gnu99;
				GCC_NO_COMMON_BLOCKS = YES;
				GCC_WARN_64_TO_32_BIT_CONVERSION = YES;
				GCC_WARN_ABOUT_RETURN_TYPE = YES_ERROR;
				GCC_WARN_UNDECLARED_SELECTOR = YES;
				GCC_WARN_UNINITIALIZED_AUTOS = YES_AGGRESSIVE;
				GCC_WARN_UNUSED_FUNCTION = YES;
				GCC_WARN_UNUSED_VARIABLE = YES;
				MACOSX_DEPLOYMENT_TARGET = 10.11;
				MTL_ENABLE_DEBUG_INFO = NO;
				SDKROOT = macosx;
			};
			name = Release;
		};
		E9DD32121C46E06C00F2AE54 /* Debug */ = {
			isa = XCBuildConfiguration;
			buildSettings = {
				ALWAYS_SEARCH_USER_PATHS = YES;
				EXECUTABLE_PREFIX = lib;
				GCC_ENABLE_CPP_EXCEPTIONS = YES;
				GCC_ENABLE_CPP_RTTI = YES;
				HEADER_SEARCH_PATHS = /opt/local/include;
				PRODUCT_NAME = "$(TARGET_NAME)";
			};
			name = Debug;
		};
		E9DD32131C46E06C00F2AE54 /* Release */ = {
			isa = XCBuildConfiguration;
			buildSettings = {
				ALWAYS_SEARCH_USER_PATHS = YES;
				EXECUTABLE_PREFIX = lib;
				GCC_ENABLE_CPP_EXCEPTIONS = YES;
				GCC_ENABLE_CPP_RTTI = YES;
				HEADER_SEARCH_PATHS = /opt/local/include;
				PRODUCT_NAME = "$(TARGET_NAME)";
			};
			name = Release;
		};
		E9DD32211C4713EF00F2AE54 /* Debug */ = {
			isa = XCBuildConfiguration;
			buildSettings = {
				ALWAYS_SEARCH_USER_PATHS = YES;
				HEADER_SEARCH_PATHS = /opt/local/include;
				PRODUCT_NAME = "$(TARGET_NAME)";
			};
			name = Debug;
		};
		E9DD32221C4713EF00F2AE54 /* Release */ = {
			isa = XCBuildConfiguration;
			buildSettings = {
				ALWAYS_SEARCH_USER_PATHS = YES;
				HEADER_SEARCH_PATHS = /opt/local/include;
				PRODUCT_NAME = "$(TARGET_NAME)";
			};
			name = Release;
		};
/* End XCBuildConfiguration section */

/* Begin XCConfigurationList section */
		E9DD32011C46E06C00F2AE54 /* Build configuration list for PBXProject "LDParse" */ = {
			isa = XCConfigurationList;
			buildConfigurations = (
				E9DD320F1C46E06C00F2AE54 /* Debug */,
				E9DD32101C46E06C00F2AE54 /* Release */,
			);
			defaultConfigurationIsVisible = 0;
			defaultConfigurationName = Release;
		};
		E9DD32111C46E06C00F2AE54 /* Build configuration list for PBXNativeTarget "LDParse" */ = {
			isa = XCConfigurationList;
			buildConfigurations = (
				E9DD32121C46E06C00F2AE54 /* Debug */,
				E9DD32131C46E06C00F2AE54 /* Release */,
			);
			defaultConfigurationIsVisible = 0;
			defaultConfigurationName = Release;
		};
		E9DD32201C4713EF00F2AE54 /* Build configuration list for PBXNativeTarget "ParseTest" */ = {
			isa = XCConfigurationList;
			buildConfigurations = (
				E9DD32211C4713EF00F2AE54 /* Debug */,
				E9DD32221C4713EF00F2AE54 /* Release */,
			);
			defaultConfigurationIsVisible = 0;
			defaultConfigurationName = Release;
		};
/* End XCConfigurationList section */
	};
	rootObject = E9DD31FE1C46E06C00F2AE54 /* Project object */;
}
